
Microsoft Visual Studio Solution File, Format Version 12.00
# Visual Studio Version 16
VisualStudioVersion = 16.0.32106.194
MinimumVisualStudioVersion = 10.0.40219.1
Project("{9A19103F-16F7-4668-BE54-9A1E7A4F7556}") = "ConsoleExercises", "ConsoleExercises\ConsoleExercises.csproj", "{6397E57A-5A97-48C6-9361-06C82AD9E779}"
EndProject
Project("{FAE04EC0-301F-11D3-BF4B-00C04F79EFBC}") = "GorilaEvenNumbers", "GorilaEvenNumbers\GorilaEvenNumbers.csproj", "{80CE6B41-1DF0-45A9-A235-8F8C56FC7EED}"
EndProject
Global
	GlobalSection(SolutionConfigurationPlatforms) = preSolution
		Debug|Any CPU = Debug|Any CPU
		Release|Any CPU = Release|Any CPU
	EndGlobalSection
	GlobalSection(ProjectConfigurationPlatforms) = postSolution
		{6397E57A-5A97-48C6-9361-06C82AD9E779}.Debug|Any CPU.ActiveCfg = Debug|Any CPU
		{6397E57A-5A97-48C6-9361-06C82AD9E779}.Debug|Any CPU.Build.0 = Debug|Any CPU
		{6397E57A-5A97-48C6-9361-06C82AD9E779}.Release|Any CPU.ActiveCfg = Release|Any CPU
		{6397E57A-5A97-48C6-9361-06C82AD9E779}.Release|Any CPU.Build.0 = Release|Any CPU
		{80CE6B41-1DF0-45A9-A235-8F8C56FC7EED}.Debug|Any CPU.ActiveCfg = Debug|Any CPU
		{80CE6B41-1DF0-45A9-A235-8F8C56FC7EED}.Debug|Any CPU.Build.0 = Debug|Any CPU
		{80CE6B41-1DF0-45A9-A235-8F8C56FC7EED}.Release|Any CPU.ActiveCfg = Release|Any CPU
		{80CE6B41-1DF0-45A9-A235-8F8C56FC7EED}.Release|Any CPU.Build.0 = Release|Any CPU
	EndGlobalSection
	GlobalSection(SolutionProperties) = preSolution
		HideSolutionNode = FALSE
	EndGlobalSection
	GlobalSection(ExtensibilityGlobals) = postSolution
		SolutionGuid = {6A4E2CB1-4683-41AC-AA37-5F50A94BCAD3}
	EndGlobalSection
EndGlobal
